{
  "version": "5",
  "specifiers": {
    "jsr:@std/fs@*": "1.0.5",
    "jsr:@std/path@^1.0.7": "1.0.8",
    "jsr:@std/yaml@*": "1.0.5"
  },
  "jsr": {
    "@std/fs@1.0.5": {
      "integrity": "41806ad6823d0b5f275f9849a2640d87e4ef67c51ee1b8fb02426f55e02fd44e",
      "dependencies": [
        "jsr:@std/path"
      ]
    },
    "@std/path@1.0.8": {
      "integrity": "548fa456bb6a04d3c1a1e7477986b6cffbce95102d0bb447c67c4ee70e0364be"
    },
    "@std/yaml@1.0.5": {
      "integrity": "71ba3d334305ee2149391931508b2c293a8490f94a337eef3a09cade1a2a2742"
    }
  },
  "workspace": {
    "packageJson": {
      "dependencies": [
        "npm:@iconify-json/material-symbols@^1.2.33",
        "npm:@iconify-json/simple-icons@^1.2.38",
        "npm:@tailwindcss/typography@~0.5.16",
        "npm:@tailwindcss/vite@^4.1.8",
        "npm:astro-icon@^1.1.5",
        "npm:astro@^5.13.3",
        "npm:tailwind-scrollbar@^4.0.2",
        "npm:tailwindcss@^4.1.8"
      ]
    }
  }
}
